// !$*UTF8*$!
{
	archiveVersion = 1;
	classes = {
	};
	objectVersion = 50;
	objects = {

/* Begin PBXBuildFile section */
		192C58AB21F9089600162543 /* JMNode.swift in Sources */ = {isa = PBXBuildFile; fileRef = 192C58AA21F9089600162543 /* JMNode.swift */; };
		1937026521727136008B46EE /* LocationHelper.swift in Sources */ = {isa = PBXBuildFile; fileRef = 1937026421727136008B46EE /* LocationHelper.swift */; };
		194CADB821FABA4100204E28 /* JMMKMapView.swift in Sources */ = {isa = PBXBuildFile; fileRef = 194CADB721FABA4100204E28 /* JMMKMapView.swift */; };
		1958B81221F12CD800B1840F /* TestingViewController.swift in Sources */ = {isa = PBXBuildFile; fileRef = 1958B81121F12CD800B1840F /* TestingViewController.swift */; };
		1981CB6721A5FB3D00B69138 /* MapViewController.swift in Sources */ = {isa = PBXBuildFile; fileRef = 1981CB6621A5FB3D00B69138 /* MapViewController.swift */; };
		1981CB6921A604C600B69138 /* Constants.swift in Sources */ = {isa = PBXBuildFile; fileRef = 1981CB6821A604C600B69138 /* Constants.swift */; };
		1986BBC621F2506900DA9611 /* NetworkRequests.swift in Sources */ = {isa = PBXBuildFile; fileRef = 1986BBC521F2506900DA9611 /* NetworkRequests.swift */; };
		198DA98A218A5C230054E1BD /* User.swift in Sources */ = {isa = PBXBuildFile; fileRef = 198DA989218A5C230054E1BD /* User.swift */; };
		19913A0E216CED7500174187 /* AppDelegate.swift in Sources */ = {isa = PBXBuildFile; fileRef = 19913A0D216CED7500174187 /* AppDelegate.swift */; };
		19913A10216CED7600174187 /* art.scnassets in Resources */ = {isa = PBXBuildFile; fileRef = 19913A0F216CED7600174187 /* art.scnassets */; };
		19913A12216CED7600174187 /* RegisterViewController.swift in Sources */ = {isa = PBXBuildFile; fileRef = 19913A11216CED7600174187 /* RegisterViewController.swift */; };
		19913A15216CED7600174187 /* Main.storyboard in Resources */ = {isa = PBXBuildFile; fileRef = 19913A13216CED7600174187 /* Main.storyboard */; };
		19913A17216CED7800174187 /* Assets.xcassets in Resources */ = {isa = PBXBuildFile; fileRef = 19913A16216CED7800174187 /* Assets.xcassets */; };
		19913A1A216CED7800174187 /* LaunchScreen.storyboard in Resources */ = {isa = PBXBuildFile; fileRef = 19913A18216CED7800174187 /* LaunchScreen.storyboard */; };
		19913A23216CF1F200174187 /* GoogleService-Info.plist in Resources */ = {isa = PBXBuildFile; fileRef = 19913A22216CF1F200174187 /* GoogleService-Info.plist */; };
		19913A25216CF46100174187 /* ARSessionViewController.swift in Sources */ = {isa = PBXBuildFile; fileRef = 19913A24216CF46100174187 /* ARSessionViewController.swift */; };
		19913A27216CF7A100174187 /* LoginViewController.swift in Sources */ = {isa = PBXBuildFile; fileRef = 19913A26216CF7A100174187 /* LoginViewController.swift */; };
		19913A2C216D2FBF00174187 /* MainViewController.swift in Sources */ = {isa = PBXBuildFile; fileRef = 19913A2B216D2FBF00174187 /* MainViewController.swift */; };
		19913A2F216D3A4300174187 /* FirebaseClient.swift in Sources */ = {isa = PBXBuildFile; fileRef = 19913A2E216D3A4300174187 /* FirebaseClient.swift */; };
		199383C32195EE58001BE7FD /* MessageViewController.swift in Sources */ = {isa = PBXBuildFile; fileRef = 199383C12195EE58001BE7FD /* MessageViewController.swift */; };
		199383C42195EE58001BE7FD /* MessageViewController.xib in Resources */ = {isa = PBXBuildFile; fileRef = 199383C22195EE58001BE7FD /* MessageViewController.xib */; };
		19948E10216FB7E8008C39DA /* RootViewController.swift in Sources */ = {isa = PBXBuildFile; fileRef = 19948E0F216FB7E8008C39DA /* RootViewController.swift */; };
		19948E12216FB7FB008C39DA /* SplashViewController.swift in Sources */ = {isa = PBXBuildFile; fileRef = 19948E11216FB7FB008C39DA /* SplashViewController.swift */; };
		19997E8721E4F6970023C3EC /* ConnectPendingViewController.swift in Sources */ = {isa = PBXBuildFile; fileRef = 19997E8621E4F6970023C3EC /* ConnectPendingViewController.swift */; };
		19997E8921E500560023C3EC /* ConnectViewController.swift in Sources */ = {isa = PBXBuildFile; fileRef = 19997E8821E500560023C3EC /* ConnectViewController.swift */; };
		19997E8E21E65F4A0023C3EC /* UserTableViewCell.swift in Sources */ = {isa = PBXBuildFile; fileRef = 19997E8C21E65F4A0023C3EC /* UserTableViewCell.swift */; };
		19997E8F21E65F4A0023C3EC /* UserTableViewCell.xib in Resources */ = {isa = PBXBuildFile; fileRef = 19997E8D21E65F4A0023C3EC /* UserTableViewCell.xib */; };
		19B1E8A921FFDA8C0087F4EE /* SensitiveData.swift in Sources */ = {isa = PBXBuildFile; fileRef = 19B1E8A821FFDA8C0087F4EE /* SensitiveData.swift */; };
		19BE2A05218A665C007304CF /* SearchTableViewController.swift in Sources */ = {isa = PBXBuildFile; fileRef = 19BE2A04218A665C007304CF /* SearchTableViewController.swift */; };
		19D53CBB21FCC7F1000984FE /* JMTextField.swift in Sources */ = {isa = PBXBuildFile; fileRef = 19D53CBA21FCC7F1000984FE /* JMTextField.swift */; };
		19D53CBD21FCC961000984FE /* UIView+Extension.swift in Sources */ = {isa = PBXBuildFile; fileRef = 19D53CBC21FCC961000984FE /* UIView+Extension.swift */; };
		19D53CBF21FCC99E000984FE /* UIViewController+Extension.swift in Sources */ = {isa = PBXBuildFile; fileRef = 19D53CBE21FCC99E000984FE /* UIViewController+Extension.swift */; };
		19D53CC121FCC9ED000984FE /* UIAlertController+Extension.swift in Sources */ = {isa = PBXBuildFile; fileRef = 19D53CC021FCC9ED000984FE /* UIAlertController+Extension.swift */; };
		19D736AE21CA9DF300D6D92A /* JMNavigationBar.swift in Sources */ = {isa = PBXBuildFile; fileRef = 19D736AD21CA9DF300D6D92A /* JMNavigationBar.swift */; };
		19D736B221CAE15D00D6D92A /* InitialViewController.swift in Sources */ = {isa = PBXBuildFile; fileRef = 19D736B121CAE15D00D6D92A /* InitialViewController.swift */; };
		19D7E68D21C41E9E0046D737 /* ARSessionButton.swift in Sources */ = {isa = PBXBuildFile; fileRef = 19D7E68C21C41E9E0046D737 /* ARSessionButton.swift */; };
		19D7E69221C43C5D0046D737 /* CLLocation+Extension.swift in Sources */ = {isa = PBXBuildFile; fileRef = 19D7E69121C43C5D0046D737 /* CLLocation+Extension.swift */; };
		19D7E69421C445550046D737 /* MatrixOperations.swift in Sources */ = {isa = PBXBuildFile; fileRef = 19D7E69321C445550046D737 /* MatrixOperations.swift */; };
		19DC1D9621C29C110079AD25 /* JMButton.swift in Sources */ = {isa = PBXBuildFile; fileRef = 19DC1D9521C29C110079AD25 /* JMButton.swift */; };
		19DC1D9921C341350079AD25 /* LocationService.swift in Sources */ = {isa = PBXBuildFile; fileRef = 19DC1D9821C341350079AD25 /* LocationService.swift */; };
		19DC1D9B21C3436D0079AD25 /* NavigationClient.swift in Sources */ = {isa = PBXBuildFile; fileRef = 19DC1D9A21C3436D0079AD25 /* NavigationClient.swift */; };
		19DD8D4B219486E200C01EDC /* CardDetailViewController.swift in Sources */ = {isa = PBXBuildFile; fileRef = 19DD8D49219486E200C01EDC /* CardDetailViewController.swift */; };
		19DD8D4C219486E200C01EDC /* CardDetailViewController.xib in Resources */ = {isa = PBXBuildFile; fileRef = 19DD8D4A219486E200C01EDC /* CardDetailViewController.xib */; };
		19FA6925219D3D1F00FF754D /* ConnectRequestViewController.swift in Sources */ = {isa = PBXBuildFile; fileRef = 19FA6924219D3D1F00FF754D /* ConnectRequestViewController.swift */; };
		C3DA7BDC40A2DCB9B807D870 /* Pods_ARConnect.framework in Frameworks */ = {isa = PBXBuildFile; fileRef = 20AE0DD63A20E16C23709C39 /* Pods_ARConnect.framework */; };
/* End PBXBuildFile section */

/* Begin PBXFileReference section */
		192C58AA21F9089600162543 /* JMNode.swift */ = {isa = PBXFileReference; lastKnownFileType = sourcecode.swift; path = JMNode.swift; sourceTree = "<group>"; };
		1937026421727136008B46EE /* LocationHelper.swift */ = {isa = PBXFileReference; lastKnownFileType = sourcecode.swift; path = LocationHelper.swift; sourceTree = "<group>"; };
		194CADB721FABA4100204E28 /* JMMKMapView.swift */ = {isa = PBXFileReference; lastKnownFileType = sourcecode.swift; path = JMMKMapView.swift; sourceTree = "<group>"; };
		1958B81121F12CD800B1840F /* TestingViewController.swift */ = {isa = PBXFileReference; lastKnownFileType = sourcecode.swift; path = TestingViewController.swift; sourceTree = "<group>"; };
		1981CB6621A5FB3D00B69138 /* MapViewController.swift */ = {isa = PBXFileReference; lastKnownFileType = sourcecode.swift; path = MapViewController.swift; sourceTree = "<group>"; };
		1981CB6821A604C600B69138 /* Constants.swift */ = {isa = PBXFileReference; lastKnownFileType = sourcecode.swift; path = Constants.swift; sourceTree = "<group>"; };
		1986BBC521F2506900DA9611 /* NetworkRequests.swift */ = {isa = PBXFileReference; lastKnownFileType = sourcecode.swift; path = NetworkRequests.swift; sourceTree = "<group>"; };
		198DA989218A5C230054E1BD /* User.swift */ = {isa = PBXFileReference; lastKnownFileType = sourcecode.swift; path = User.swift; sourceTree = "<group>"; };
		19913A0A216CED7500174187 /* ARConnect.app */ = {isa = PBXFileReference; explicitFileType = wrapper.application; includeInIndex = 0; path = ARConnect.app; sourceTree = BUILT_PRODUCTS_DIR; };
		19913A0D216CED7500174187 /* AppDelegate.swift */ = {isa = PBXFileReference; lastKnownFileType = sourcecode.swift; path = AppDelegate.swift; sourceTree = "<group>"; };
		19913A0F216CED7600174187 /* art.scnassets */ = {isa = PBXFileReference; lastKnownFileType = wrapper.scnassets; path = art.scnassets; sourceTree = "<group>"; };
		19913A11216CED7600174187 /* RegisterViewController.swift */ = {isa = PBXFileReference; lastKnownFileType = sourcecode.swift; path = RegisterViewController.swift; sourceTree = "<group>"; };
		19913A14216CED7600174187 /* Base */ = {isa = PBXFileReference; lastKnownFileType = file.storyboard; name = Base; path = Base.lproj/Main.storyboard; sourceTree = "<group>"; };
		19913A16216CED7800174187 /* Assets.xcassets */ = {isa = PBXFileReference; lastKnownFileType = folder.assetcatalog; path = Assets.xcassets; sourceTree = "<group>"; };
		19913A19216CED7800174187 /* Base */ = {isa = PBXFileReference; lastKnownFileType = file.storyboard; name = Base; path = Base.lproj/LaunchScreen.storyboard; sourceTree = "<group>"; };
		19913A1B216CED7800174187 /* Info.plist */ = {isa = PBXFileReference; lastKnownFileType = text.plist.xml; path = Info.plist; sourceTree = "<group>"; };
		19913A22216CF1F200174187 /* GoogleService-Info.plist */ = {isa = PBXFileReference; fileEncoding = 4; lastKnownFileType = text.plist.xml; path = "GoogleService-Info.plist"; sourceTree = "<group>"; };
		19913A24216CF46100174187 /* ARSessionViewController.swift */ = {isa = PBXFileReference; lastKnownFileType = sourcecode.swift; path = ARSessionViewController.swift; sourceTree = "<group>"; };
		19913A26216CF7A100174187 /* LoginViewController.swift */ = {isa = PBXFileReference; lastKnownFileType = sourcecode.swift; path = LoginViewController.swift; sourceTree = "<group>"; };
		19913A2B216D2FBF00174187 /* MainViewController.swift */ = {isa = PBXFileReference; lastKnownFileType = sourcecode.swift; path = MainViewController.swift; sourceTree = "<group>"; };
		19913A2E216D3A4300174187 /* FirebaseClient.swift */ = {isa = PBXFileReference; lastKnownFileType = sourcecode.swift; path = FirebaseClient.swift; sourceTree = "<group>"; };
		199383C12195EE58001BE7FD /* MessageViewController.swift */ = {isa = PBXFileReference; lastKnownFileType = sourcecode.swift; path = MessageViewController.swift; sourceTree = "<group>"; };
		199383C22195EE58001BE7FD /* MessageViewController.xib */ = {isa = PBXFileReference; lastKnownFileType = file.xib; path = MessageViewController.xib; sourceTree = "<group>"; };
		19948E0F216FB7E8008C39DA /* RootViewController.swift */ = {isa = PBXFileReference; lastKnownFileType = sourcecode.swift; path = RootViewController.swift; sourceTree = "<group>"; };
		19948E11216FB7FB008C39DA /* SplashViewController.swift */ = {isa = PBXFileReference; lastKnownFileType = sourcecode.swift; path = SplashViewController.swift; sourceTree = "<group>"; };
		19997E8621E4F6970023C3EC /* ConnectPendingViewController.swift */ = {isa = PBXFileReference; lastKnownFileType = sourcecode.swift; path = ConnectPendingViewController.swift; sourceTree = "<group>"; };
		19997E8821E500560023C3EC /* ConnectViewController.swift */ = {isa = PBXFileReference; lastKnownFileType = sourcecode.swift; path = ConnectViewController.swift; sourceTree = "<group>"; };
		19997E8C21E65F4A0023C3EC /* UserTableViewCell.swift */ = {isa = PBXFileReference; lastKnownFileType = sourcecode.swift; path = UserTableViewCell.swift; sourceTree = "<group>"; };
		19997E8D21E65F4A0023C3EC /* UserTableViewCell.xib */ = {isa = PBXFileReference; lastKnownFileType = file.xib; path = UserTableViewCell.xib; sourceTree = "<group>"; };
		19B1E8A821FFDA8C0087F4EE /* SensitiveData.swift */ = {isa = PBXFileReference; lastKnownFileType = sourcecode.swift; path = SensitiveData.swift; sourceTree = "<group>"; };
		19BE2A04218A665C007304CF /* SearchTableViewController.swift */ = {isa = PBXFileReference; lastKnownFileType = sourcecode.swift; path = SearchTableViewController.swift; sourceTree = "<group>"; };
		19D53CBA21FCC7F1000984FE /* JMTextField.swift */ = {isa = PBXFileReference; lastKnownFileType = sourcecode.swift; path = JMTextField.swift; sourceTree = "<group>"; };
		19D53CBC21FCC961000984FE /* UIView+Extension.swift */ = {isa = PBXFileReference; lastKnownFileType = sourcecode.swift; path = "UIView+Extension.swift"; sourceTree = "<group>"; };
		19D53CBE21FCC99E000984FE /* UIViewController+Extension.swift */ = {isa = PBXFileReference; lastKnownFileType = sourcecode.swift; path = "UIViewController+Extension.swift"; sourceTree = "<group>"; };
		19D53CC021FCC9ED000984FE /* UIAlertController+Extension.swift */ = {isa = PBXFileReference; lastKnownFileType = sourcecode.swift; path = "UIAlertController+Extension.swift"; sourceTree = "<group>"; };
		19D736AD21CA9DF300D6D92A /* JMNavigationBar.swift */ = {isa = PBXFileReference; lastKnownFileType = sourcecode.swift; path = JMNavigationBar.swift; sourceTree = "<group>"; };
		19D736B121CAE15D00D6D92A /* InitialViewController.swift */ = {isa = PBXFileReference; lastKnownFileType = sourcecode.swift; path = InitialViewController.swift; sourceTree = "<group>"; };
		19D7E68C21C41E9E0046D737 /* ARSessionButton.swift */ = {isa = PBXFileReference; lastKnownFileType = sourcecode.swift; path = ARSessionButton.swift; sourceTree = "<group>"; };
		19D7E69121C43C5D0046D737 /* CLLocation+Extension.swift */ = {isa = PBXFileReference; lastKnownFileType = sourcecode.swift; path = "CLLocation+Extension.swift"; sourceTree = "<group>"; };
		19D7E69321C445550046D737 /* MatrixOperations.swift */ = {isa = PBXFileReference; lastKnownFileType = sourcecode.swift; path = MatrixOperations.swift; sourceTree = "<group>"; };
		19DC1D9521C29C110079AD25 /* JMButton.swift */ = {isa = PBXFileReference; lastKnownFileType = sourcecode.swift; path = JMButton.swift; sourceTree = "<group>"; };
		19DC1D9821C341350079AD25 /* LocationService.swift */ = {isa = PBXFileReference; lastKnownFileType = sourcecode.swift; path = LocationService.swift; sourceTree = "<group>"; };
		19DC1D9A21C3436D0079AD25 /* NavigationClient.swift */ = {isa = PBXFileReference; lastKnownFileType = sourcecode.swift; path = NavigationClient.swift; sourceTree = "<group>"; };
		19DD8D49219486E200C01EDC /* CardDetailViewController.swift */ = {isa = PBXFileReference; lastKnownFileType = sourcecode.swift; path = CardDetailViewController.swift; sourceTree = "<group>"; };
		19DD8D4A219486E200C01EDC /* CardDetailViewController.xib */ = {isa = PBXFileReference; lastKnownFileType = file.xib; path = CardDetailViewController.xib; sourceTree = "<group>"; };
		19FA6924219D3D1F00FF754D /* ConnectRequestViewController.swift */ = {isa = PBXFileReference; lastKnownFileType = sourcecode.swift; path = ConnectRequestViewController.swift; sourceTree = "<group>"; };
		20AE0DD63A20E16C23709C39 /* Pods_ARConnect.framework */ = {isa = PBXFileReference; explicitFileType = wrapper.framework; includeInIndex = 0; path = Pods_ARConnect.framework; sourceTree = BUILT_PRODUCTS_DIR; };
		A4BC534F0E30D99C8828C606 /* Pods-ARConnect.release.xcconfig */ = {isa = PBXFileReference; includeInIndex = 1; lastKnownFileType = text.xcconfig; name = "Pods-ARConnect.release.xcconfig"; path = "Pods/Target Support Files/Pods-ARConnect/Pods-ARConnect.release.xcconfig"; sourceTree = "<group>"; };
		D4AE572E1499CBA03AA6E180 /* Pods-ARConnect.debug.xcconfig */ = {isa = PBXFileReference; includeInIndex = 1; lastKnownFileType = text.xcconfig; name = "Pods-ARConnect.debug.xcconfig"; path = "Pods/Target Support Files/Pods-ARConnect/Pods-ARConnect.debug.xcconfig"; sourceTree = "<group>"; };
/* End PBXFileReference section */

/* Begin PBXFrameworksBuildPhase section */
		19913A07216CED7500174187 /* Frameworks */ = {
			isa = PBXFrameworksBuildPhase;
			buildActionMask = 2147483647;
			files = (
				C3DA7BDC40A2DCB9B807D870 /* Pods_ARConnect.framework in Frameworks */,
			);
			runOnlyForDeploymentPostprocessing = 0;
		};
/* End PBXFrameworksBuildPhase section */

/* Begin PBXGroup section */
		19913A01216CED7500174187 = {
			isa = PBXGroup;
			children = (
				19913A0C216CED7500174187 /* ARConnect */,
				19913A0B216CED7500174187 /* Products */,
				BB929971DADCCBDD956900DE /* Pods */,
				E03C9D2E721D42771969AC8E /* Frameworks */,
			);
			sourceTree = "<group>";
		};
		19913A0B216CED7500174187 /* Products */ = {
			isa = PBXGroup;
			children = (
				19913A0A216CED7500174187 /* ARConnect.app */,
			);
			name = Products;
			sourceTree = "<group>";
		};
		19913A0C216CED7500174187 /* ARConnect */ = {
			isa = PBXGroup;
			children = (
				19913A21216CEE6300174187 /* Controllers */,
				19D7E68821C41DF60046D737 /* Services */,
				19913A2D216D39C400174187 /* Models */,
				19D7E68E21C426920046D737 /* Extensions */,
				19DC1D9721C29C200079AD25 /* Custom Views */,
				1981CB6821A604C600B69138 /* Constants.swift */,
				19913A0D216CED7500174187 /* AppDelegate.swift */,
				19D7E68921C41E190046D737 /* Assets */,
				19D7E68B21C41E380046D737 /* Storyboards */,
				19913A1B216CED7800174187 /* Info.plist */,
				19913A22216CF1F200174187 /* GoogleService-Info.plist */,
				19B1E8A821FFDA8C0087F4EE /* SensitiveData.swift */,
			);
			path = ARConnect;
			sourceTree = "<group>";
		};
		19913A21216CEE6300174187 /* Controllers */ = {
			isa = PBXGroup;
			children = (
				19948E0F216FB7E8008C39DA /* RootViewController.swift */,
				19948E11216FB7FB008C39DA /* SplashViewController.swift */,
				19D736B121CAE15D00D6D92A /* InitialViewController.swift */,
				19913A26216CF7A100174187 /* LoginViewController.swift */,
				19913A2B216D2FBF00174187 /* MainViewController.swift */,
				19913A11216CED7600174187 /* RegisterViewController.swift */,
				1981CB6621A5FB3D00B69138 /* MapViewController.swift */,
				19BE2A04218A665C007304CF /* SearchTableViewController.swift */,
				19913A24216CF46100174187 /* ARSessionViewController.swift */,
				19FA6924219D3D1F00FF754D /* ConnectRequestViewController.swift */,
				19997E8621E4F6970023C3EC /* ConnectPendingViewController.swift */,
				199383C62195EE99001BE7FD /* CardDetailViewController */,
				199383C72195EEAA001BE7FD /* MessageViewController */,
				1958B81121F12CD800B1840F /* TestingViewController.swift */,
				19997E7E21E404FD0023C3EC /* Inherited Controllers */,
			);
			path = Controllers;
			sourceTree = "<group>";
		};
		19913A2D216D39C400174187 /* Models */ = {
			isa = PBXGroup;
			children = (
				198DA989218A5C230054E1BD /* User.swift */,
			);
			path = Models;
			sourceTree = "<group>";
		};
		199383C62195EE99001BE7FD /* CardDetailViewController */ = {
			isa = PBXGroup;
			children = (
				19DD8D49219486E200C01EDC /* CardDetailViewController.swift */,
				19DD8D4A219486E200C01EDC /* CardDetailViewController.xib */,
			);
			path = CardDetailViewController;
			sourceTree = "<group>";
		};
		199383C72195EEAA001BE7FD /* MessageViewController */ = {
			isa = PBXGroup;
			children = (
				199383C12195EE58001BE7FD /* MessageViewController.swift */,
				199383C22195EE58001BE7FD /* MessageViewController.xib */,
			);
			path = MessageViewController;
			sourceTree = "<group>";
		};
		19997E7E21E404FD0023C3EC /* Inherited Controllers */ = {
			isa = PBXGroup;
			children = (
				19997E8821E500560023C3EC /* ConnectViewController.swift */,
			);
			path = "Inherited Controllers";
			sourceTree = "<group>";
		};
		19A5C09C21EB86E700C2FD74 /* UserTableViewCell */ = {
			isa = PBXGroup;
			children = (
				19997E8C21E65F4A0023C3EC /* UserTableViewCell.swift */,
				19997E8D21E65F4A0023C3EC /* UserTableViewCell.xib */,
			);
			path = UserTableViewCell;
			sourceTree = "<group>";
		};
		19D7E68821C41DF60046D737 /* Services */ = {
			isa = PBXGroup;
			children = (
				19DC1D9A21C3436D0079AD25 /* NavigationClient.swift */,
				19D7E69321C445550046D737 /* MatrixOperations.swift */,
				1937026421727136008B46EE /* LocationHelper.swift */,
				19913A2E216D3A4300174187 /* FirebaseClient.swift */,
				19DC1D9821C341350079AD25 /* LocationService.swift */,
				1986BBC521F2506900DA9611 /* NetworkRequests.swift */,
			);
			path = Services;
			sourceTree = "<group>";
		};
		19D7E68921C41E190046D737 /* Assets */ = {
			isa = PBXGroup;
			children = (
				19913A0F216CED7600174187 /* art.scnassets */,
				19913A16216CED7800174187 /* Assets.xcassets */,
			);
			path = Assets;
			sourceTree = "<group>";
		};
		19D7E68B21C41E380046D737 /* Storyboards */ = {
			isa = PBXGroup;
			children = (
				19913A13216CED7600174187 /* Main.storyboard */,
				19913A18216CED7800174187 /* LaunchScreen.storyboard */,
			);
			path = Storyboards;
			sourceTree = "<group>";
		};
		19D7E68E21C426920046D737 /* Extensions */ = {
			isa = PBXGroup;
			children = (
				19D7E69121C43C5D0046D737 /* CLLocation+Extension.swift */,
				19D53CBC21FCC961000984FE /* UIView+Extension.swift */,
				19D53CBE21FCC99E000984FE /* UIViewController+Extension.swift */,
				19D53CC021FCC9ED000984FE /* UIAlertController+Extension.swift */,
			);
			path = Extensions;
			sourceTree = "<group>";
		};
		19DC1D9721C29C200079AD25 /* Custom Views */ = {
			isa = PBXGroup;
			children = (
				19D53CBA21FCC7F1000984FE /* JMTextField.swift */,
				19DC1D9521C29C110079AD25 /* JMButton.swift */,
				19D7E68C21C41E9E0046D737 /* ARSessionButton.swift */,
				19D736AD21CA9DF300D6D92A /* JMNavigationBar.swift */,
				194CADB721FABA4100204E28 /* JMMKMapView.swift */,
				192C58AA21F9089600162543 /* JMNode.swift */,
				19A5C09C21EB86E700C2FD74 /* UserTableViewCell */,
			);
			path = "Custom Views";
			sourceTree = "<group>";
		};
		BB929971DADCCBDD956900DE /* Pods */ = {
			isa = PBXGroup;
			children = (
				D4AE572E1499CBA03AA6E180 /* Pods-ARConnect.debug.xcconfig */,
				A4BC534F0E30D99C8828C606 /* Pods-ARConnect.release.xcconfig */,
			);
			name = Pods;
			sourceTree = "<group>";
		};
		E03C9D2E721D42771969AC8E /* Frameworks */ = {
			isa = PBXGroup;
			children = (
				20AE0DD63A20E16C23709C39 /* Pods_ARConnect.framework */,
			);
			name = Frameworks;
			sourceTree = "<group>";
		};
/* End PBXGroup section */

/* Begin PBXNativeTarget section */
		19913A09216CED7500174187 /* ARConnect */ = {
			isa = PBXNativeTarget;
			buildConfigurationList = 19913A1E216CED7800174187 /* Build configuration list for PBXNativeTarget "ARConnect" */;
			buildPhases = (
				E40818F9AC15053DD9C9CF17 /* [CP] Check Pods Manifest.lock */,
				19913A06216CED7500174187 /* Sources */,
				19913A07216CED7500174187 /* Frameworks */,
				19913A08216CED7500174187 /* Resources */,
				3449924C954A9D71FC7039C6 /* [CP] Embed Pods Frameworks */,
				192F10B221F8D6AB00827FF7 /* ShellScript */,
			);
			buildRules = (
			);
			dependencies = (
			);
			name = ARConnect;
			productName = ARConnect;
			productReference = 19913A0A216CED7500174187 /* ARConnect.app */;
			productType = "com.apple.product-type.application";
		};
/* End PBXNativeTarget section */

/* Begin PBXProject section */
		19913A02216CED7500174187 /* Project object */ = {
			isa = PBXProject;
			attributes = {
				LastSwiftUpdateCheck = 1000;
				LastUpgradeCheck = 1000;
				ORGANIZATIONNAME = "Jacob Mittelstaedt";
				TargetAttributes = {
					19913A09216CED7500174187 = {
						CreatedOnToolsVersion = 10.0;
					};
				};
			};
			buildConfigurationList = 19913A05216CED7500174187 /* Build configuration list for PBXProject "ARConnect" */;
			compatibilityVersion = "Xcode 9.3";
			developmentRegion = en;
			hasScannedForEncodings = 0;
			knownRegions = (
				en,
				Base,
			);
			mainGroup = 19913A01216CED7500174187;
			productRefGroup = 19913A0B216CED7500174187 /* Products */;
			projectDirPath = "";
			projectRoot = "";
			targets = (
				19913A09216CED7500174187 /* ARConnect */,
			);
		};
/* End PBXProject section */

/* Begin PBXResourcesBuildPhase section */
		19913A08216CED7500174187 /* Resources */ = {
			isa = PBXResourcesBuildPhase;
			buildActionMask = 2147483647;
			files = (
				19997E8F21E65F4A0023C3EC /* UserTableViewCell.xib in Resources */,
				19913A10216CED7600174187 /* art.scnassets in Resources */,
				19913A1A216CED7800174187 /* LaunchScreen.storyboard in Resources */,
				19913A23216CF1F200174187 /* GoogleService-Info.plist in Resources */,
				199383C42195EE58001BE7FD /* MessageViewController.xib in Resources */,
				19913A17216CED7800174187 /* Assets.xcassets in Resources */,
				19913A15216CED7600174187 /* Main.storyboard in Resources */,
				19DD8D4C219486E200C01EDC /* CardDetailViewController.xib in Resources */,
			);
			runOnlyForDeploymentPostprocessing = 0;
		};
/* End PBXResourcesBuildPhase section */

/* Begin PBXShellScriptBuildPhase section */
		192F10B221F8D6AB00827FF7 /* ShellScript */ = {
			isa = PBXShellScriptBuildPhase;
			buildActionMask = 2147483647;
			files = (
			);
			inputFileListPaths = (
			);
			inputPaths = (
			);
			outputFileListPaths = (
			);
			outputPaths = (
			);
			runOnlyForDeploymentPostprocessing = 0;
			shellPath = /bin/sh;
			shellScript = "\"${PODS_ROOT}/SwiftLint/swiftlint\"\n";
		};
		3449924C954A9D71FC7039C6 /* [CP] Embed Pods Frameworks */ = {
			isa = PBXShellScriptBuildPhase;
			buildActionMask = 2147483647;
			files = (
			);
			inputFileListPaths = (
			);
			inputPaths = (
				"${SRCROOT}/Pods/Target Support Files/Pods-ARConnect/Pods-ARConnect-frameworks.sh",
				"${BUILT_PRODUCTS_DIR}/GTMSessionFetcher/GTMSessionFetcher.framework",
				"${BUILT_PRODUCTS_DIR}/GoogleToolboxForMac/GoogleToolboxForMac.framework",
				"${BUILT_PRODUCTS_DIR}/RxAtomic/RxAtomic.framework",
				"${BUILT_PRODUCTS_DIR}/RxCocoa/RxCocoa.framework",
				"${BUILT_PRODUCTS_DIR}/RxSwift/RxSwift.framework",
				"${BUILT_PRODUCTS_DIR}/leveldb-library/leveldb.framework",
				"${BUILT_PRODUCTS_DIR}/nanopb/nanopb.framework",
			);
			name = "[CP] Embed Pods Frameworks";
			outputFileListPaths = (
			);
			outputPaths = (
				"${TARGET_BUILD_DIR}/${FRAMEWORKS_FOLDER_PATH}/GTMSessionFetcher.framework",
				"${TARGET_BUILD_DIR}/${FRAMEWORKS_FOLDER_PATH}/GoogleToolboxForMac.framework",
				"${TARGET_BUILD_DIR}/${FRAMEWORKS_FOLDER_PATH}/RxAtomic.framework",
				"${TARGET_BUILD_DIR}/${FRAMEWORKS_FOLDER_PATH}/RxCocoa.framework",
				"${TARGET_BUILD_DIR}/${FRAMEWORKS_FOLDER_PATH}/RxSwift.framework",
				"${TARGET_BUILD_DIR}/${FRAMEWORKS_FOLDER_PATH}/leveldb.framework",
				"${TARGET_BUILD_DIR}/${FRAMEWORKS_FOLDER_PATH}/nanopb.framework",
			);
			runOnlyForDeploymentPostprocessing = 0;
			shellPath = /bin/sh;
			shellScript = "\"${SRCROOT}/Pods/Target Support Files/Pods-ARConnect/Pods-ARConnect-frameworks.sh\"\n";
			showEnvVarsInLog = 0;
		};
		E40818F9AC15053DD9C9CF17 /* [CP] Check Pods Manifest.lock */ = {
			isa = PBXShellScriptBuildPhase;
			buildActionMask = 2147483647;
			files = (
			);
			inputFileListPaths = (
			);
			inputPaths = (
				"${PODS_PODFILE_DIR_PATH}/Podfile.lock",
				"${PODS_ROOT}/Manifest.lock",
			);
			name = "[CP] Check Pods Manifest.lock";
			outputFileListPaths = (
			);
			outputPaths = (
				"$(DERIVED_FILE_DIR)/Pods-ARConnect-checkManifestLockResult.txt",
			);
			runOnlyForDeploymentPostprocessing = 0;
			shellPath = /bin/sh;
			shellScript = "diff \"${PODS_PODFILE_DIR_PATH}/Podfile.lock\" \"${PODS_ROOT}/Manifest.lock\" > /dev/null\nif [ $? != 0 ] ; then\n    # print error to STDERR\n    echo \"error: The sandbox is not in sync with the Podfile.lock. Run 'pod install' or update your CocoaPods installation.\" >&2\n    exit 1\nfi\n# This output is used by Xcode 'outputs' to avoid re-running this script phase.\necho \"SUCCESS\" > \"${SCRIPT_OUTPUT_FILE_0}\"\n";
			showEnvVarsInLog = 0;
		};
/* End PBXShellScriptBuildPhase section */

/* Begin PBXSourcesBuildPhase section */
		19913A06216CED7500174187 /* Sources */ = {
			isa = PBXSourcesBuildPhase;
			buildActionMask = 2147483647;
			files = (
				19D53CBD21FCC961000984FE /* UIView+Extension.swift in Sources */,
				192C58AB21F9089600162543 /* JMNode.swift in Sources */,
				19913A27216CF7A100174187 /* LoginViewController.swift in Sources */,
				19997E8E21E65F4A0023C3EC /* UserTableViewCell.swift in Sources */,
				19D53CBF21FCC99E000984FE /* UIViewController+Extension.swift in Sources */,
				199383C32195EE58001BE7FD /* MessageViewController.swift in Sources */,
				19DC1D9621C29C110079AD25 /* JMButton.swift in Sources */,
				19D53CBB21FCC7F1000984FE /* JMTextField.swift in Sources */,
				19913A25216CF46100174187 /* ARSessionViewController.swift in Sources */,
				19D7E69221C43C5D0046D737 /* CLLocation+Extension.swift in Sources */,
				19913A12216CED7600174187 /* RegisterViewController.swift in Sources */,
				1958B81221F12CD800B1840F /* TestingViewController.swift in Sources */,
				19997E8921E500560023C3EC /* ConnectViewController.swift in Sources */,
				19948E10216FB7E8008C39DA /* RootViewController.swift in Sources */,
				1937026521727136008B46EE /* LocationHelper.swift in Sources */,
				1986BBC621F2506900DA9611 /* NetworkRequests.swift in Sources */,
				19D7E68D21C41E9E0046D737 /* ARSessionButton.swift in Sources */,
				19913A2C216D2FBF00174187 /* MainViewController.swift in Sources */,
				1981CB6921A604C600B69138 /* Constants.swift in Sources */,
				19DC1D9B21C3436D0079AD25 /* NavigationClient.swift in Sources */,
				19913A0E216CED7500174187 /* AppDelegate.swift in Sources */,
				19913A2F216D3A4300174187 /* FirebaseClient.swift in Sources */,
				19BE2A05218A665C007304CF /* SearchTableViewController.swift in Sources */,
				19D736B221CAE15D00D6D92A /* InitialViewController.swift in Sources */,
				19D53CC121FCC9ED000984FE /* UIAlertController+Extension.swift in Sources */,
				198DA98A218A5C230054E1BD /* User.swift in Sources */,
				19997E8721E4F6970023C3EC /* ConnectPendingViewController.swift in Sources */,
				19948E12216FB7FB008C39DA /* SplashViewController.swift in Sources */,
				19D736AE21CA9DF300D6D92A /* JMNavigationBar.swift in Sources */,
				19DD8D4B219486E200C01EDC /* CardDetailViewController.swift in Sources */,
				19B1E8A921FFDA8C0087F4EE /* SensitiveData.swift in Sources */,
				1981CB6721A5FB3D00B69138 /* MapViewController.swift in Sources */,
				19DC1D9921C341350079AD25 /* LocationService.swift in Sources */,
				194CADB821FABA4100204E28 /* JMMKMapView.swift in Sources */,
				19D7E69421C445550046D737 /* MatrixOperations.swift in Sources */,
				19FA6925219D3D1F00FF754D /* ConnectRequestViewController.swift in Sources */,
			);
			runOnlyForDeploymentPostprocessing = 0;
		};
/* End PBXSourcesBuildPhase section */

/* Begin PBXVariantGroup section */
		19913A13216CED7600174187 /* Main.storyboard */ = {
			isa = PBXVariantGroup;
			children = (
				19913A14216CED7600174187 /* Base */,
			);
			name = Main.storyboard;
			sourceTree = "<group>";
		};
		19913A18216CED7800174187 /* LaunchScreen.storyboard */ = {
			isa = PBXVariantGroup;
			children = (
				19913A19216CED7800174187 /* Base */,
			);
			name = LaunchScreen.storyboard;
			sourceTree = "<group>";
		};
/* End PBXVariantGroup section */

/* Begin XCBuildConfiguration section */
		19913A1C216CED7800174187 /* Debug */ = {
			isa = XCBuildConfiguration;
			buildSettings = {
				ALWAYS_SEARCH_USER_PATHS = NO;
				CLANG_ANALYZER_NONNULL = YES;
				CLANG_ANALYZER_NUMBER_OBJECT_CONVERSION = YES_AGGRESSIVE;
				CLANG_CXX_LANGUAGE_STANDARD = "gnu++14";
				CLANG_CXX_LIBRARY = "libc++";
				CLANG_ENABLE_MODULES = YES;
				CLANG_ENABLE_OBJC_ARC = YES;
				CLANG_ENABLE_OBJC_WEAK = YES;
				CLANG_WARN_BLOCK_CAPTURE_AUTORELEASING = YES;
				CLANG_WARN_BOOL_CONVERSION = YES;
				CLANG_WARN_COMMA = YES;
				CLANG_WARN_CONSTANT_CONVERSION = YES;
				CLANG_WARN_DEPRECATED_OBJC_IMPLEMENTATIONS = YES;
				CLANG_WARN_DIRECT_OBJC_ISA_USAGE = YES_ERROR;
				CLANG_WARN_DOCUMENTATION_COMMENTS = YES;
				CLANG_WARN_EMPTY_BODY = YES;
				CLANG_WARN_ENUM_CONVERSION = YES;
				CLANG_WARN_INFINITE_RECURSION = YES;
				CLANG_WARN_INT_CONVERSION = YES;
				CLANG_WARN_NON_LITERAL_NULL_CONVERSION = YES;
				CLANG_WARN_OBJC_IMPLICIT_RETAIN_SELF = YES;
				CLANG_WARN_OBJC_LITERAL_CONVERSION = YES;
				CLANG_WARN_OBJC_ROOT_CLASS = YES_ERROR;
				CLANG_WARN_RANGE_LOOP_ANALYSIS = YES;
				CLANG_WARN_STRICT_PROTOTYPES = YES;
				CLANG_WARN_SUSPICIOUS_MOVE = YES;
				CLANG_WARN_UNGUARDED_AVAILABILITY = YES_AGGRESSIVE;
				CLANG_WARN_UNREACHABLE_CODE = YES;
				CLANG_WARN__DUPLICATE_METHOD_MATCH = YES;
				CODE_SIGN_IDENTITY = "iPhone Developer";
				COPY_PHASE_STRIP = NO;
				DEBUG_INFORMATION_FORMAT = dwarf;
				ENABLE_STRICT_OBJC_MSGSEND = YES;
				ENABLE_TESTABILITY = YES;
				GCC_C_LANGUAGE_STANDARD = gnu11;
				GCC_DYNAMIC_NO_PIC = NO;
				GCC_NO_COMMON_BLOCKS = YES;
				GCC_OPTIMIZATION_LEVEL = 0;
				GCC_PREPROCESSOR_DEFINITIONS = (
					"DEBUG=1",
					"$(inherited)",
				);
				GCC_WARN_64_TO_32_BIT_CONVERSION = YES;
				GCC_WARN_ABOUT_RETURN_TYPE = YES_ERROR;
				GCC_WARN_UNDECLARED_SELECTOR = YES;
				GCC_WARN_UNINITIALIZED_AUTOS = YES_AGGRESSIVE;
				GCC_WARN_UNUSED_FUNCTION = YES;
				GCC_WARN_UNUSED_VARIABLE = YES;
				IPHONEOS_DEPLOYMENT_TARGET = 12.0;
				MTL_ENABLE_DEBUG_INFO = INCLUDE_SOURCE;
				MTL_FAST_MATH = YES;
				ONLY_ACTIVE_ARCH = YES;
				SDKROOT = iphoneos;
				SWIFT_ACTIVE_COMPILATION_CONDITIONS = DEBUG;
				SWIFT_OPTIMIZATION_LEVEL = "-Onone";
			};
			name = Debug;
		};
		19913A1D216CED7800174187 /* Release */ = {
			isa = XCBuildConfiguration;
			buildSettings = {
				ALWAYS_SEARCH_USER_PATHS = NO;
				CLANG_ANALYZER_NONNULL = YES;
				CLANG_ANALYZER_NUMBER_OBJECT_CONVERSION = YES_AGGRESSIVE;
				CLANG_CXX_LANGUAGE_STANDARD = "gnu++14";
				CLANG_CXX_LIBRARY = "libc++";
				CLANG_ENABLE_MODULES = YES;
				CLANG_ENABLE_OBJC_ARC = YES;
				CLANG_ENABLE_OBJC_WEAK = YES;
				CLANG_WARN_BLOCK_CAPTURE_AUTORELEASING = YES;
				CLANG_WARN_BOOL_CONVERSION = YES;
				CLANG_WARN_COMMA = YES;
				CLANG_WARN_CONSTANT_CONVERSION = YES;
				CLANG_WARN_DEPRECATED_OBJC_IMPLEMENTATIONS = YES;
				CLANG_WARN_DIRECT_OBJC_ISA_USAGE = YES_ERROR;
				CLANG_WARN_DOCUMENTATION_COMMENTS = YES;
				CLANG_WARN_EMPTY_BODY = YES;
				CLANG_WARN_ENUM_CONVERSION = YES;
				CLANG_WARN_INFINITE_RECURSION = YES;
				CLANG_WARN_INT_CONVERSION = YES;
				CLANG_WARN_NON_LITERAL_NULL_CONVERSION = YES;
				CLANG_WARN_OBJC_IMPLICIT_RETAIN_SELF = YES;
				CLANG_WARN_OBJC_LITERAL_CONVERSION = YES;
				CLANG_WARN_OBJC_ROOT_CLASS = YES_ERROR;
				CLANG_WARN_RANGE_LOOP_ANALYSIS = YES;
				CLANG_WARN_STRICT_PROTOTYPES = YES;
				CLANG_WARN_SUSPICIOUS_MOVE = YES;
				CLANG_WARN_UNGUARDED_AVAILABILITY = YES_AGGRESSIVE;
				CLANG_WARN_UNREACHABLE_CODE = YES;
				CLANG_WARN__DUPLICATE_METHOD_MATCH = YES;
				CODE_SIGN_IDENTITY = "iPhone Developer";
				COPY_PHASE_STRIP = NO;
				DEBUG_INFORMATION_FORMAT = "dwarf-with-dsym";
				ENABLE_NS_ASSERTIONS = NO;
				ENABLE_STRICT_OBJC_MSGSEND = YES;
				GCC_C_LANGUAGE_STANDARD = gnu11;
				GCC_NO_COMMON_BLOCKS = YES;
				GCC_WARN_64_TO_32_BIT_CONVERSION = YES;
				GCC_WARN_ABOUT_RETURN_TYPE = YES_ERROR;
				GCC_WARN_UNDECLARED_SELECTOR = YES;
				GCC_WARN_UNINITIALIZED_AUTOS = YES_AGGRESSIVE;
				GCC_WARN_UNUSED_FUNCTION = YES;
				GCC_WARN_UNUSED_VARIABLE = YES;
				IPHONEOS_DEPLOYMENT_TARGET = 12.0;
				MTL_ENABLE_DEBUG_INFO = NO;
				MTL_FAST_MATH = YES;
				SDKROOT = iphoneos;
				SWIFT_COMPILATION_MODE = wholemodule;
				SWIFT_OPTIMIZATION_LEVEL = "-O";
				VALIDATE_PRODUCT = YES;
			};
			name = Release;
		};
		19913A1F216CED7800174187 /* Debug */ = {
			isa = XCBuildConfiguration;
			baseConfigurationReference = D4AE572E1499CBA03AA6E180 /* Pods-ARConnect.debug.xcconfig */;
			buildSettings = {
				ASSETCATALOG_COMPILER_APPICON_NAME = AppIcon;
				CODE_SIGN_IDENTITY = "iPhone Developer";
				CODE_SIGN_STYLE = Automatic;
				DEVELOPMENT_TEAM = FB653T9YQ9;
				INFOPLIST_FILE = ARConnect/Info.plist;
				LD_RUNPATH_SEARCH_PATHS = (
					"$(inherited)",
					"@executable_path/Frameworks",
				);
				PRODUCT_BUNDLE_IDENTIFIER = jacobm.ARConnect;
				PRODUCT_NAME = "$(TARGET_NAME)";
				PROVISIONING_PROFILE_SPECIFIER = "";
				SWIFT_VERSION = 4.2;
				TARGETED_DEVICE_FAMILY = "1,2";
			};
			name = Debug;
		};
		19913A20216CED7800174187 /* Release */ = {
			isa = XCBuildConfiguration;
			baseConfigurationReference = A4BC534F0E30D99C8828C606 /* Pods-ARConnect.release.xcconfig */;
			buildSettings = {
				ASSETCATALOG_COMPILER_APPICON_NAME = AppIcon;
				CODE_SIGN_IDENTITY = "iPhone Developer";
				CODE_SIGN_STYLE = Automatic;
				DEVELOPMENT_TEAM = FB653T9YQ9;
				INFOPLIST_FILE = ARConnect/Info.plist;
				LD_RUNPATH_SEARCH_PATHS = (
					"$(inherited)",
					"@executable_path/Frameworks",
				);
				PRODUCT_BUNDLE_IDENTIFIER = jacobm.ARConnect;
				PRODUCT_NAME = "$(TARGET_NAME)";
				PROVISIONING_PROFILE_SPECIFIER = "";
				SWIFT_VERSION = 4.2;
				TARGETED_DEVICE_FAMILY = "1,2";
			};
			name = Release;
		};
/* End XCBuildConfiguration section */

/* Begin XCConfigurationList section */
		19913A05216CED7500174187 /* Build configuration list for PBXProject "ARConnect" */ = {
			isa = XCConfigurationList;
			buildConfigurations = (
				19913A1C216CED7800174187 /* Debug */,
				19913A1D216CED7800174187 /* Release */,
			);
			defaultConfigurationIsVisible = 0;
			defaultConfigurationName = Release;
		};
		19913A1E216CED7800174187 /* Build configuration list for PBXNativeTarget "ARConnect" */ = {
			isa = XCConfigurationList;
			buildConfigurations = (
				19913A1F216CED7800174187 /* Debug */,
				19913A20216CED7800174187 /* Release */,
			);
			defaultConfigurationIsVisible = 0;
			defaultConfigurationName = Release;
		};
/* End XCConfigurationList section */
	};
	rootObject = 19913A02216CED7500174187 /* Project object */;
}
